// !$*UTF8*$!
{
	archiveVersion = 1;
	classes = {
	};
	objectVersion = 46;
	objects = {

/* Begin PBXBuildFile section */
		C1BEF78E1AD9443B00E136C3 /* AppDelegate.swift in Sources */ = {isa = PBXBuildFile; fileRef = C1BEF78D1AD9443B00E136C3 /* AppDelegate.swift */; };
		C1BEF7901AD9443B00E136C3 /* ViewController.swift in Sources */ = {isa = PBXBuildFile; fileRef = C1BEF78F1AD9443B00E136C3 /* ViewController.swift */; };
		C1BEF7931AD9443B00E136C3 /* Main.storyboard in Resources */ = {isa = PBXBuildFile; fileRef = C1BEF7911AD9443B00E136C3 /* Main.storyboard */; };
		C1BEF7951AD9443B00E136C3 /* Images.xcassets in Resources */ = {isa = PBXBuildFile; fileRef = C1BEF7941AD9443B00E136C3 /* Images.xcassets */; };
		C1BEF7981AD9443B00E136C3 /* LaunchScreen.xib in Resources */ = {isa = PBXBuildFile; fileRef = C1BEF7961AD9443B00E136C3 /* LaunchScreen.xib */; };
		C1BEF7A41AD9443C00E136C3 /* FirstAppSwiftTests.swift in Sources */ = {isa = PBXBuildFile; fileRef = C1BEF7A31AD9443C00E136C3 /* FirstAppSwiftTests.swift */; };
/* End PBXBuildFile section */

/* Begin PBXContainerItemProxy section */
		C1BEF79E1AD9443C00E136C3 /* PBXContainerItemProxy */ = {
			isa = PBXContainerItemProxy;
			containerPortal = C1BEF7801AD9443B00E136C3 /* Project object */;
			proxyType = 1;
			remoteGlobalIDString = C1BEF7871AD9443B00E136C3;
			remoteInfo = FirstAppSwift;
		};
/* End PBXContainerItemProxy section */

/* Begin PBXFileReference section */
		C1BEF7881AD9443B00E136C3 /* FirstAppSwift.app */ = {isa = PBXFileReference; explicitFileType = wrapper.application; includeInIndex = 0; path = FirstAppSwift.app; sourceTree = BUILT_PRODUCTS_DIR; };
		C1BEF78C1AD9443B00E136C3 /* Info.plist */ = {isa = PBXFileReference; lastKnownFileType = text.plist.xml; path = Info.plist; sourceTree = "<group>"; };
		C1BEF78D1AD9443B00E136C3 /* AppDelegate.swift */ = {isa = PBXFileReference; lastKnownFileType = sourcecode.swift; path = AppDelegate.swift; sourceTree = "<group>"; };
		C1BEF78F1AD9443B00E136C3 /* ViewController.swift */ = {isa = PBXFileReference; lastKnownFileType = sourcecode.swift; path = ViewController.swift; sourceTree = "<group>"; };
		C1BEF7921AD9443B00E136C3 /* Base */ = {isa = PBXFileReference; lastKnownFileType = file.storyboard; name = Base; path = Base.lproj/Main.storyboard; sourceTree = "<group>"; };
		C1BEF7941AD9443B00E136C3 /* Images.xcassets */ = {isa = PBXFileReference; lastKnownFileType = folder.assetcatalog; path = Images.xcassets; sourceTree = "<group>"; };
		C1BEF7971AD9443B00E136C3 /* Base */ = {isa = PBXFileReference; lastKnownFileType = file.xib; name = Base; path = Base.lproj/LaunchScreen.xib; sourceTree = "<group>"; };
		C1BEF79D1AD9443C00E136C3 /* FirstAppSwiftTests.xctest */ = {isa = PBXFileReference; explicitFileType = wrapper.cfbundle; includeInIndex = 0; path = FirstAppSwiftTests.xctest; sourceTree = BUILT_PRODUCTS_DIR; };
		C1BEF7A21AD9443C00E136C3 /* Info.plist */ = {isa = PBXFileReference; lastKnownFileType = text.plist.xml; path = Info.plist; sourceTree = "<group>"; };
		C1BEF7A31AD9443C00E136C3 /* FirstAppSwiftTests.swift */ = {isa = PBXFileReference; lastKnownFileType = sourcecode.swift; path = FirstAppSwiftTests.swift; sourceTree = "<group>"; };
/* End PBXFileReference section */

/* Begin PBXFrameworksBuildPhase section */
		C1BEF7851AD9443B00E136C3 /* Frameworks */ = {
			isa = PBXFrameworksBuildPhase;
			buildActionMask = 2147483647;
			files = (
			);
			runOnlyForDeploymentPostprocessing = 0;
		};
		C1BEF79A1AD9443C00E136C3 /* Frameworks */ = {
			isa = PBXFrameworksBuildPhase;
			buildActionMask = 2147483647;
			files = (
			);
			runOnlyForDeploymentPostprocessing = 0;
		};
/* End PBXFrameworksBuildPhase section */

/* Begin PBXGroup section */
		C1BEF77F1AD9443B00E136C3 = {
			isa = PBXGroup;
			children = (
				C1BEF78A1AD9443B00E136C3 /* FirstAppSwift */,
				C1BEF7A01AD9443C00E136C3 /* FirstAppSwiftTests */,
				C1BEF7891AD9443B00E136C3 /* Products */,
			);
			sourceTree = "<group>";
		};
		C1BEF7891AD9443B00E136C3 /* Products */ = {
			isa = PBXGroup;
			children = (
				C1BEF7881AD9443B00E136C3 /* FirstAppSwift.app */,
				C1BEF79D1AD9443C00E136C3 /* FirstAppSwiftTests.xctest */,
			);
			name = Products;
			sourceTree = "<group>";
		};
		C1BEF78A1AD9443B00E136C3 /* FirstAppSwift */ = {
			isa = PBXGroup;
			children = (
				C1BEF78D1AD9443B00E136C3 /* AppDelegate.swift */,
				C1BEF78F1AD9443B00E136C3 /* ViewController.swift */,
				C1BEF7911AD9443B00E136C3 /* Main.storyboard */,
				C1BEF7941AD9443B00E136C3 /* Images.xcassets */,
				C1BEF7961AD9443B00E136C3 /* LaunchScreen.xib */,
				C1BEF78B1AD9443B00E136C3 /* Supporting Files */,
			);
			path = FirstAppSwift;
			sourceTree = "<group>";
		};
		C1BEF78B1AD9443B00E136C3 /* Supporting Files */ = {
			isa = PBXGroup;
			children = (
				C1BEF78C1AD9443B00E136C3 /* Info.plist */,
			);
			name = "Supporting Files";
			sourceTree = "<group>";
		};
		C1BEF7A01AD9443C00E136C3 /* FirstAppSwiftTests */ = {
			isa = PBXGroup;
			children = (
				C1BEF7A31AD9443C00E136C3 /* FirstAppSwiftTests.swift */,
				C1BEF7A11AD9443C00E136C3 /* Supporting Files */,
			);
			path = FirstAppSwiftTests;
			sourceTree = "<group>";
		};
		C1BEF7A11AD9443C00E136C3 /* Supporting Files */ = {
			isa = PBXGroup;
			children = (
				C1BEF7A21AD9443C00E136C3 /* Info.plist */,
			);
			name = "Supporting Files";
			sourceTree = "<group>";
		};
/* End PBXGroup section */

/* Begin PBXNativeTarget section */
		C1BEF7871AD9443B00E136C3 /* FirstAppSwift */ = {
			isa = PBXNativeTarget;
			buildConfigurationList = C1BEF7A71AD9443C00E136C3 /* Build configuration list for PBXNativeTarget "FirstAppSwift" */;
			buildPhases = (
				C1BEF7841AD9443B00E136C3 /* Sources */,
				C1BEF7851AD9443B00E136C3 /* Frameworks */,
				C1BEF7861AD9443B00E136C3 /* Resources */,
			);
			buildRules = (
			);
			dependencies = (
			);
			name = FirstAppSwift;
			productName = FirstAppSwift;
			productReference = C1BEF7881AD9443B00E136C3 /* FirstAppSwift.app */;
			productType = "com.apple.product-type.application";
		};
		C1BEF79C1AD9443C00E136C3 /* FirstAppSwiftTests */ = {
			isa = PBXNativeTarget;
			buildConfigurationList = C1BEF7AA1AD9443C00E136C3 /* Build configuration list for PBXNativeTarget "FirstAppSwiftTests" */;
			buildPhases = (
				C1BEF7991AD9443C00E136C3 /* Sources */,
				C1BEF79A1AD9443C00E136C3 /* Frameworks */,
				C1BEF79B1AD9443C00E136C3 /* Resources */,
			);
			buildRules = (
			);
			dependencies = (
				C1BEF79F1AD9443C00E136C3 /* PBXTargetDependency */,
			);
			name = FirstAppSwiftTests;
			productName = FirstAppSwiftTests;
			productReference = C1BEF79D1AD9443C00E136C3 /* FirstAppSwiftTests.xctest */;
			productType = "com.apple.product-type.bundle.unit-test";
		};
/* End PBXNativeTarget section */

/* Begin PBXProject section */
		C1BEF7801AD9443B00E136C3 /* Project object */ = {
			isa = PBXProject;
			attributes = {
				LastUpgradeCheck = 0620;
				ORGANIZATIONNAME = learningXcode;
				TargetAttributes = {
					C1BEF7871AD9443B00E136C3 = {
						CreatedOnToolsVersion = 6.2;
					};
					C1BEF79C1AD9443C00E136C3 = {
						CreatedOnToolsVersion = 6.2;
						TestTargetID = C1BEF7871AD9443B00E136C3;
					};
				};
			};
			buildConfigurationList = C1BEF7831AD9443B00E136C3 /* Build configuration list for PBXProject "FirstAppSwift" */;
			compatibilityVersion = "Xcode 3.2";
			developmentRegion = English;
			hasScannedForEncodings = 0;
			knownRegions = (
				en,
				Base,
			);
			mainGroup = C1BEF77F1AD9443B00E136C3;
			productRefGroup = C1BEF7891AD9443B00E136C3 /* Products */;
			projectDirPath = "";
			projectRoot = "";
			targets = (
				C1BEF7871AD9443B00E136C3 /* FirstAppSwift */,
				C1BEF79C1AD9443C00E136C3 /* FirstAppSwiftTests */,
			);
		};
/* End PBXProject section */

/* Begin PBXResourcesBuildPhase section */
		C1BEF7861AD9443B00E136C3 /* Resources */ = {
			isa = PBXResourcesBuildPhase;
			buildActionMask = 2147483647;
			files = (
				C1BEF7931AD9443B00E136C3 /* Main.storyboard in Resources */,
				C1BEF7981AD9443B00E136C3 /* LaunchScreen.xib in Resources */,
				C1BEF7951AD9443B00E136C3 /* Images.xcassets in Resources */,
			);
			runOnlyForDeploymentPostprocessing = 0;
		};
		C1BEF79B1AD9443C00E136C3 /* Resources */ = {
			isa = PBXResourcesBuildPhase;
			buildActionMask = 2147483647;
			files = (
			);
			runOnlyForDeploymentPostprocessing = 0;
		};
/* End PBXResourcesBuildPhase section */

/* Begin PBXSourcesBuildPhase section */
		C1BEF7841AD9443B00E136C3 /* Sources */ = {
			isa = PBXSourcesBuildPhase;
			buildActionMask = 2147483647;
			files = (
				C1BEF7901AD9443B00E136C3 /* ViewController.swift in Sources */,
				C1BEF78E1AD9443B00E136C3 /* AppDelegate.swift in Sources */,
			);
			runOnlyForDeploymentPostprocessing = 0;
		};
		C1BEF7991AD9443C00E136C3 /* Sources */ = {
			isa = PBXSourcesBuildPhase;
			buildActionMask = 2147483647;
			files = (
				C1BEF7A41AD9443C00E136C3 /* FirstAppSwiftTests.swift in Sources */,
			);
			runOnlyForDeploymentPostprocessing = 0;
		};
/* End PBXSourcesBuildPhase section */

/* Begin PBXTargetDependency section */
		C1BEF79F1AD9443C00E136C3 /* PBXTargetDependency */ = {
			isa = PBXTargetDependency;
			target = C1BEF7871AD9443B00E136C3 /* FirstAppSwift */;
			targetProxy = C1BEF79E1AD9443C00E136C3 /* PBXContainerItemProxy */;
		};
/* End PBXTargetDependency section */

/* Begin PBXVariantGroup section */
		C1BEF7911AD9443B00E136C3 /* Main.storyboard */ = {
			isa = PBXVariantGroup;
			children = (
				C1BEF7921AD9443B00E136C3 /* Base */,
			);
			name = Main.storyboard;
			sourceTree = "<group>";
		};
		C1BEF7961AD9443B00E136C3 /* LaunchScreen.xib */ = {
			isa = PBXVariantGroup;
			children = (
				C1BEF7971AD9443B00E136C3 /* Base */,
			);
			name = LaunchScreen.xib;
			sourceTree = "<group>";
		};
/* End PBXVariantGroup section */

/* Begin XCBuildConfiguration section */
		C1BEF7A51AD9443C00E136C3 /* Debug */ = {
			isa = XCBuildConfiguration;
			buildSettings = {
				ALWAYS_SEARCH_USER_PATHS = NO;
				CLANG_CXX_LANGUAGE_STANDARD = "gnu++0x";
				CLANG_CXX_LIBRARY = "libc++";
				CLANG_ENABLE_MODULES = YES;
				CLANG_ENABLE_OBJC_ARC = YES;
				CLANG_WARN_BOOL_CONVERSION = YES;
				CLANG_WARN_CONSTANT_CONVERSION = YES;
				CLANG_WARN_DIRECT_OBJC_ISA_USAGE = YES_ERROR;
				CLANG_WARN_EMPTY_BODY = YES;
				CLANG_WARN_ENUM_CONVERSION = YES;
				CLANG_WARN_INT_CONVERSION = YES;
				CLANG_WARN_OBJC_ROOT_CLASS = YES_ERROR;
				CLANG_WARN_UNREACHABLE_CODE = YES;
				CLANG_WARN__DUPLICATE_METHOD_MATCH = YES;
				"CODE_SIGN_IDENTITY[sdk=iphoneos*]" = "iPhone Developer";
				COPY_PHASE_STRIP = NO;
				ENABLE_STRICT_OBJC_MSGSEND = YES;
				GCC_C_LANGUAGE_STANDARD = gnu99;
				GCC_DYNAMIC_NO_PIC = NO;
				GCC_OPTIMIZATION_LEVEL = 0;
				GCC_PREPROCESSOR_DEFINITIONS = (
					"DEBUG=1",
					"$(inherited)",
				);
				GCC_SYMBOLS_PRIVATE_EXTERN = NO;
				GCC_WARN_64_TO_32_BIT_CONVERSION = YES;
				GCC_WARN_ABOUT_RETURN_TYPE = YES_ERROR;
				GCC_WARN_UNDECLARED_SELECTOR = YES;
				GCC_WARN_UNINITIALIZED_AUTOS = YES_AGGRESSIVE;
				GCC_WARN_UNUSED_FUNCTION = YES;
				GCC_WARN_UNUSED_VARIABLE = YES;
				IPHONEOS_DEPLOYMENT_TARGET = 8.2;
				MTL_ENABLE_DEBUG_INFO = YES;
				ONLY_ACTIVE_ARCH = YES;
				SDKROOT = iphoneos;
				SWIFT_OPTIMIZATION_LEVEL = "-Onone";
			};
			name = Debug;
		};
		C1BEF7A61AD9443C00E136C3 /* Release */ = {
			isa = XCBuildConfiguration;
			buildSettings = {
				ALWAYS_SEARCH_USER_PATHS = NO;
				CLANG_CXX_LANGUAGE_STANDARD = "gnu++0x";
				CLANG_CXX_LIBRARY = "libc++";
				CLANG_ENABLE_MODULES = YES;
				CLANG_ENABLE_OBJC_ARC = YES;
				CLANG_WARN_BOOL_CONVERSION = YES;
				CLANG_WARN_CONSTANT_CONVERSION = YES;
				CLANG_WARN_DIRECT_OBJC_ISA_USAGE = YES_ERROR;
				CLANG_WARN_EMPTY_BODY = YES;
				CLANG_WARN_ENUM_CONVERSION = YES;
				CLANG_WARN_INT_CONVERSION = YES;
				CLANG_WARN_OBJC_ROOT_CLASS = YES_ERROR;
				CLANG_WARN_UNREACHABLE_CODE = YES;
				CLANG_WARN__DUPLICATE_METHOD_MATCH = YES;
				"CODE_SIGN_IDENTITY[sdk=iphoneos*]" = "iPhone Developer";
				COPY_PHASE_STRIP = NO;
				ENABLE_NS_ASSERTIONS = NO;
				ENABLE_STRICT_OBJC_MSGSEND = YES;
				GCC_C_LANGUAGE_STANDARD = gnu99;
				GCC_WARN_64_TO_32_BIT_CONVERSION = YES;
				GCC_WARN_ABOUT_RETURN_TYPE = YES_ERROR;
				GCC_WARN_UNDECLARED_SELECTOR = YES;
				GCC_WARN_UNINITIALIZED_AUTOS = YES_AGGRESSIVE;
				GCC_WARN_UNUSED_FUNCTION = YES;
				GCC_WARN_UNUSED_VARIABLE = YES;
				IPHONEOS_DEPLOYMENT_TARGET = 8.2;
				MTL_ENABLE_DEBUG_INFO = NO;
				SDKROOT = iphoneos;
				VALIDATE_PRODUCT = YES;
			};
			name = Release;
		};
		C1BEF7A81AD9443C00E136C3 /* Debug */ = {
			isa = XCBuildConfiguration;
			buildSettings = {
				ASSETCATALOG_COMPILER_APPICON_NAME = AppIcon;
				INFOPLIST_FILE = FirstAppSwift/Info.plist;
				LD_RUNPATH_SEARCH_PATHS = "$(inherited) @executable_path/Frameworks";
				PRODUCT_NAME = "$(TARGET_NAME)";
			};
			name = Debug;
		};
		C1BEF7A91AD9443C00E136C3 /* Release */ = {
			isa = XCBuildConfiguration;
			buildSettings = {
				ASSETCATALOG_COMPILER_APPICON_NAME = AppIcon;
				INFOPLIST_FILE = FirstAppSwift/Info.plist;
				LD_RUNPATH_SEARCH_PATHS = "$(inherited) @executable_path/Frameworks";
				PRODUCT_NAME = "$(TARGET_NAME)";
			};
			name = Release;
		};
		C1BEF7AB1AD9443C00E136C3 /* Debug */ = {
			isa = XCBuildConfiguration;
			buildSettings = {
				BUNDLE_LOADER = "$(TEST_HOST)";
				FRAMEWORK_SEARCH_PATHS = (
					"$(SDKROOT)/Developer/Library/Frameworks",
					"$(inherited)",
				);
				GCC_PREPROCESSOR_DEFINITIONS = (
					"DEBUG=1",
					"$(inherited)",
				);
				INFOPLIST_FILE = FirstAppSwiftTests/Info.plist;
				LD_RUNPATH_SEARCH_PATHS = "$(inherited) @executable_path/Frameworks @loader_path/Frameworks";
				PRODUCT_NAME = "$(TARGET_NAME)";
				TEST_HOST = "$(BUILT_PRODUCTS_DIR)/FirstAppSwift.app/FirstAppSwift";
			};
			name = Debug;
		};
		C1BEF7AC1AD9443C00E136C3 /* Release */ = {
			isa = XCBuildConfiguration;
			buildSettings = {
				BUNDLE_LOADER = "$(TEST_HOST)";
				FRAMEWORK_SEARCH_PATHS = (
					"$(SDKROOT)/Developer/Library/Frameworks",
					"$(inherited)",
				);
				INFOPLIST_FILE = FirstAppSwiftTests/Info.plist;
				LD_RUNPATH_SEARCH_PATHS = "$(inherited) @executable_path/Frameworks @loader_path/Frameworks";
				PRODUCT_NAME = "$(TARGET_NAME)";
				TEST_HOST = "$(BUILT_PRODUCTS_DIR)/FirstAppSwift.app/FirstAppSwift";
			};
			name = Release;
		};
/* End XCBuildConfiguration section */

/* Begin XCConfigurationList section */
		C1BEF7831AD9443B00E136C3 /* Build configuration list for PBXProject "FirstAppSwift" */ = {
			isa = XCConfigurationList;
			buildConfigurations = (
				C1BEF7A51AD9443C00E136C3 /* Debug */,
				C1BEF7A61AD9443C00E136C3 /* Release */,
			);
			defaultConfigurationIsVisible = 0;
			defaultConfigurationName = Release;
		};
		C1BEF7A71AD9443C00E136C3 /* Build configuration list for PBXNativeTarget "FirstAppSwift" */ = {
			isa = XCConfigurationList;
			buildConfigurations = (
				C1BEF7A81AD9443C00E136C3 /* Debug */,
				C1BEF7A91AD9443C00E136C3 /* Release */,
			);
			defaultConfigurationIsVisible = 0;
		};
		C1BEF7AA1AD9443C00E136C3 /* Build configuration list for PBXNativeTarget "FirstAppSwiftTests" */ = {
			isa = XCConfigurationList;
			buildConfigurations = (
				C1BEF7AB1AD9443C00E136C3 /* Debug */,
				C1BEF7AC1AD9443C00E136C3 /* Release */,
			);
			defaultConfigurationIsVisible = 0;
		};
/* End XCConfigurationList section */
	};
	rootObject = C1BEF7801AD9443B00E136C3 /* Project object */;
}
